
Microsoft Visual Studio Solution File, Format Version 12.00
# Visual Studio Version 17
VisualStudioVersion = 17.1.32328.378
MinimumVisualStudioVersion = 10.0.40219.1
Project("{8BC9CEB8-8B4A-11D0-8D11-00A0C91BC942}") = "lizual", "lizual\lizual.vcxproj", "{81E823C9-4D2D-4605-B113-2833C8A9B967}"
EndProject
Global
	GlobalSection(SolutionConfigurationPlatforms) = preSolution
		Debug|x64 = Debug|x64
		Debug|x86 = Debug|x86
		Release|x64 = Release|x64
		Release|x86 = Release|x86
	EndGlobalSection
	GlobalSection(ProjectConfigurationPlatforms) = postSolution
		{81E823C9-4D2D-4605-B113-2833C8A9B967}.Debug|x64.ActiveCfg = Debug|x64
		{81E823C9-4D2D-4605-B113-2833C8A9B967}.Debug|x64.Build.0 = Debug|x64
		{81E823C9-4D2D-4605-B113-2833C8A9B967}.Debug|x86.ActiveCfg = Debug|Win32
		{81E823C9-4D2D-4605-B113-2833C8A9B967}.Debug|x86.Build.0 = Debug|Win32
		{81E823C9-4D2D-4605-B113-2833C8A9B967}.Release|x64.ActiveCfg = Release|x64
		{81E823C9-4D2D-4605-B113-2833C8A9B967}.Release|x64.Build.0 = Release|x64
		{81E823C9-4D2D-4605-B113-2833C8A9B967}.Release|x86.ActiveCfg = Release|Win32
		{81E823C9-4D2D-4605-B113-2833C8A9B967}.Release|x86.Build.0 = Release|Win32
	EndGlobalSection
	GlobalSection(SolutionProperties) = preSolution
		HideSolutionNode = FALSE
	EndGlobalSection
	GlobalSection(ExtensibilityGlobals) = postSolution
		SolutionGuid = {00E68939-B0F8-4CEA-BA46-FE6297B1794A}
	EndGlobalSection
EndGlobal
